{
  "name": "serverless-partner",
  "version": "1.0.0",
  "lockfileVersion": 2,
  "requires": true,
  "packages": {
    "": {
      "name": "serverless-partner",
      "version": "1.0.0",
      "dependencies": {
        "emoji-translator": "^1.0.1"
      }
    },
    "node_modules/emoji-translator": {
      "version": "1.0.1",
      "resolved": "https://registry.npmjs.org/emoji-translator/-/emoji-translator-1.0.1.tgz",
      "integrity": "sha512-aiupvflLIl7ut7ioN6ASpn+vUmCTn9zlO/yYn2ln3BzvbD/L1nSRzjlWWKIXthlOd8gJxoN8Ko+6PFa+6b0dtw=="
    }
  },
  "dependencies": {
    "emoji-translator": {
      "version": "1.0.1",
      "resolved": "https://registry.npmjs.org/emoji-translator/-/emoji-translator-1.0.1.tgz",
      "integrity": "sha512-aiupvflLIl7ut7ioN6ASpn+vUmCTn9zlO/yYn2ln3BzvbD/L1nSRzjlWWKIXthlOd8gJxoN8Ko+6PFa+6b0dtw=="
    }
  }
}
